
Microsoft Visual Studio Solution File, Format Version 12.00
# Visual Studio Version 16
VisualStudioVersion = 16.0.31005.135
MinimumVisualStudioVersion = 10.0.40219.1
Project("{FAE04EC0-301F-11D3-BF4B-00C04F79EFBC}") = "WebAppHotelManagement", "WebAppHotelManagement\WebAppHotelManagement.csproj", "{9633D74E-5644-4CDC-930F-4AB7CDD3CF79}"
EndProject
Global
	GlobalSection(SolutionConfigurationPlatforms) = preSolution
		Debug|Any CPU = Debug|Any CPU
		Release|Any CPU = Release|Any CPU
	EndGlobalSection
	GlobalSection(ProjectConfigurationPlatforms) = postSolution
		{9633D74E-5644-4CDC-930F-4AB7CDD3CF79}.Debug|Any CPU.ActiveCfg = Debug|Any CPU
		{9633D74E-5644-4CDC-930F-4AB7CDD3CF79}.Debug|Any CPU.Build.0 = Debug|Any CPU
		{9633D74E-5644-4CDC-930F-4AB7CDD3CF79}.Release|Any CPU.ActiveCfg = Release|Any CPU
		{9633D74E-5644-4CDC-930F-4AB7CDD3CF79}.Release|Any CPU.Build.0 = Release|Any CPU
	EndGlobalSection
	GlobalSection(SolutionProperties) = preSolution
		HideSolutionNode = FALSE
	EndGlobalSection
	GlobalSection(ExtensibilityGlobals) = postSolution
		SolutionGuid = {2C24E64F-5649-4803-9C95-589A97B2A21A}
	EndGlobalSection
EndGlobal
